
Microsoft Visual Studio Solution File, Format Version 12.00
# Visual Studio 15
VisualStudioVersion = 15.0.28307.902
MinimumVisualStudioVersion = 10.0.40219.1
Project("{FAE04EC0-301F-11D3-BF4B-00C04F79EFBC}") = "Selenium_Test", "ClassLibrarytestselenium\Selenium_Test.csproj", "{15ABFA9C-ABD4-4FC3-AFC0-65729D23FD39}"
EndProject
Global
	GlobalSection(SolutionConfigurationPlatforms) = preSolution
		Debug|Any CPU = Debug|Any CPU
		Release|Any CPU = Release|Any CPU
	EndGlobalSection
	GlobalSection(ProjectConfigurationPlatforms) = postSolution
		{15ABFA9C-ABD4-4FC3-AFC0-65729D23FD39}.Debug|Any CPU.ActiveCfg = Debug|Any CPU
		{15ABFA9C-ABD4-4FC3-AFC0-65729D23FD39}.Debug|Any CPU.Build.0 = Debug|Any CPU
		{15ABFA9C-ABD4-4FC3-AFC0-65729D23FD39}.Release|Any CPU.ActiveCfg = Release|Any CPU
		{15ABFA9C-ABD4-4FC3-AFC0-65729D23FD39}.Release|Any CPU.Build.0 = Release|Any CPU
	EndGlobalSection
	GlobalSection(SolutionProperties) = preSolution
		HideSolutionNode = FALSE
	EndGlobalSection
	GlobalSection(ExtensibilityGlobals) = postSolution
		SolutionGuid = {3896790C-9D0E-47B8-A6B2-58C4F465E002}
	EndGlobalSection
EndGlobal
